
Microsoft Visual Studio Solution File, Format Version 12.00
# Visual Studio Version 16
VisualStudioVersion = 16.0.32228.343
MinimumVisualStudioVersion = 10.0.40219.1
Project("{FAE04EC0-301F-11D3-BF4B-00C04F79EFBC}") = "Basic Digital Calculator", "Basic Digital Calculator\Basic Digital Calculator.csproj", "{7599BBF4-4BB9-4E3F-B8CB-7FD95583F57C}"
EndProject
Global
	GlobalSection(SolutionConfigurationPlatforms) = preSolution
		Debug|Any CPU = Debug|Any CPU
		Release|Any CPU = Release|Any CPU
	EndGlobalSection
	GlobalSection(ProjectConfigurationPlatforms) = postSolution
		{7599BBF4-4BB9-4E3F-B8CB-7FD95583F57C}.Debug|Any CPU.ActiveCfg = Debug|Any CPU
		{7599BBF4-4BB9-4E3F-B8CB-7FD95583F57C}.Debug|Any CPU.Build.0 = Debug|Any CPU
		{7599BBF4-4BB9-4E3F-B8CB-7FD95583F57C}.Release|Any CPU.ActiveCfg = Release|Any CPU
		{7599BBF4-4BB9-4E3F-B8CB-7FD95583F57C}.Release|Any CPU.Build.0 = Release|Any CPU
	EndGlobalSection
	GlobalSection(SolutionProperties) = preSolution
		HideSolutionNode = FALSE
	EndGlobalSection
	GlobalSection(ExtensibilityGlobals) = postSolution
		SolutionGuid = {377AF4CF-2B6C-4125-84B4-913F31AEA1B6}
	EndGlobalSection
EndGlobal
